{
  "name": "@google/gemini-cli",
  "version": "0.44.0-nightly.20260512.g022e8baef",
  "lockfileVersion": 3,
  "requires": true,
  "packages": {
    "": {
      "name": "@google/gemini-cli",
      "version": "0.44.0-nightly.20260512.g022e8baef",
      "workspaces": [
        "packages/*"
      ],
      "dependencies": {
        "ink": "npm:@jrichman/ink@6.6.9",
        "latest-version": "^9.0.0",
        "node-fetch-native": "^1.6.7",
        "proper-lockfile": "^4.1.2",
        "punycode": "^2.3.1",
        "simple-git": "^3.28.0"
      },
      "bin": {
        "gemini": "bundle/gemini.js"
      },
      "devDependencies": {
        "@agentclientprotocol/sdk": "^0.16.1",
        "@octokit/rest": "^22.0.0",
        "@types/marked": "^5.0.2",
        "@types/mime-types": "^3.0.1",
        "@types/minimatch": "^5.1.2",
        "@types/mock-fs": "^4.13.4",
        "@types/prompts": "^2.4.9",
        "@types/proper-lockfile": "^4.1.4",
        "@types/react": "^19.2.0",
        "@types/react-dom": "^19.2.0",
        "@types/shell-quote": "^1.7.5",
        "@types/ws": "^8.18.1",
        "@vitest/coverage-v8": "^3.1.1",
        "@vitest/eslint-plugin": "^1.3.4",
        "asciichart": "^1.5.25",
        "cross-env": "^7.0.3",
        "depcheck": "^1.4.7",
        "domexception": "^4.0.0",
        "esbuild": "^0.25.0",
        "esbuild-plugin-wasm": "^1.1.0",
        "eslint": "^9.24.0",
        "eslint-config-prettier": "^10.1.2",
        "eslint-plugin-headers": "^1.3.3",
        "eslint-plugin-import": "^2.32.0",
        "eslint-plugin-react": "^7.37.5",
        "eslint-plugin-react-hooks": "^5.2.0",
        "glob": "^12.0.0",
        "globals": "^16.0.0",
        "google-artifactregistry-auth": "^3.4.0",
        "husky": "^9.1.7",
        "json": "^11.0.0",
        "lint-staged": "^16.1.6",
        "memfs": "^4.42.0",
        "mnemonist": "^0.40.3",
        "mock-fs": "^5.5.0",
        "msw": "^2.10.4",
        "npm-run-all": "^4.1.5",
        "prettier": "^3.5.3",
        "react-devtools-core": "^6.1.2",
        "react-dom": "^19.2.0",
        "read-package-up": "^11.0.0",
        "semver": "^7.7.2",
        "strip-ansi": "^7.1.2",
        "ts-prune": "^0.10.3",
        "tsx": "^4.20.3",
        "typescript": "^5.8.3",
        "typescript-eslint": "^8.30.1",
        "vitest": "^3.2.4",
        "yargs": "^17.7.2"
      },
      "engines": {
        "node": ">=20.0.0"
      },
      "optionalDependencies": {
        "@github/keytar": "^7.10.6",
        "@lydell/node-pty": "1.1.0",
        "@lydell/node-pty-darwin-arm64": "1.1.0",
        "@lydell/node-pty-darwin-x64": "1.1.0",
        "@lydell/node-pty-linux-x64": "1.1.0",
        "@lydell/node-pty-win32-arm64": "1.1.0",
        "@lydell/node-pty-win32-x64": "1.1.0",
        "node-pty": "^1.0.0"
      }
    },
    "node_modules/@agentclientprotocol/sdk": {
      "version": "0.16.1",
      "resolved": "https://registry.npmjs.org/@agentclientprotocol/sdk/-/sdk-0.16.1.tgz",
      "integrity": "sha512-1ad+Sc/0sCtZGHthxxvgEUo5Wsbw16I+aF+YwdiLnPwkZG8KAGUEAPK6LM6Pf69lCyJPt1Aomk1d+8oE3C4ZEw==",
      "license": "Apache-2.0",
      "peerDependencies": {
        "zod": "^3.25.0 || ^4.0.0"
      }
    },
    "node_modules/@ampproject/remapping": {
      "version": "2.3.0",
      "resolved": "https://registry.npmjs.org/@ampproject/remapping/-/remapping-2.3.0.tgz",
      "integrity": "sha512-30iZtAPgz+LTIYoeivqYo853f02jBYSd5uGnGpkFV0M3xOt9aN73erkgYAmZU43x4VfqcnLxW9Kpg3R5LC4YYw==",
      "dev": true,
      "license": "Apache-2.0",
      "dependencies": {
        "@jridgewell/gen-mapping": "^0.3.5",
        "@jridgewell/trace-mapping": "^0.3.24"
      },
      "engines": {
        "node": ">=6.0.0"
      }
    },
    "node_modules/@aws-crypto/crc32": {
      "version": "5.2.0",
      "resolved": "https://registry.npmjs.org/@aws-crypto/crc32/-/crc32-5.2.0.tgz",
      "integrity": "sha512-nLbCWqQNgUiwwtFsen1AdzAtvuLRsQS8rYgMuxCrdKf9kOssamGLuPwyTY9wyYblNr9+1XM8v6zoDTPPSIeANg==",
      "license": "Apache-2.0",
      "dependencies": {
        "@aws-crypto/util": "^5.2.0",
        "@aws-sdk/types": "^3.222.0",
        "tslib": "^2.6.2"
      },
      "engines": {
        "node": ">=16.0.0"
      }
    },
    "node_modules/@aws-crypto/sha256-browser": {
      "version": "5.2.0",
      "resolved": "https://registry.npmjs.org/@aws-crypto/sha256-browser/-/sha256-browser-5.2.0.tgz",
      "integrity": "sha512-AXfN/lGotSQwu6HNcEsIASo7kWXZ5HYWvfOmSNKDsEqC4OashTp8alTmaz+F7TC2L083SFv5RdB+qU3Vs1kZqw==",
      "license": "Apache-2.0",
      "dependencies": {
        "@aws-crypto/sha256-js": "^5.2.0",
        "@aws-crypto/supports-web-crypto": "^5.2.0",
        "@aws-crypto/util": "^5.2.0",
        "@aws-sdk/types": "^3.222.0",
        "@aws-sdk/util-locate-window": "^3.0.0",
        "@smithy/util-utf8": "^2.0.0",
        "tslib": "^2.6.2"
      }
    },
    "node_modules/@aws-crypto/sha256-js": {
      "version": "5.2.0",
      "resolved": "https://registry.npmjs.org/@aws-crypto/sha256-js/-/sha256-js-5.2.0.tgz",
      "integrity": "sha512-FFQQyu7edu4ufvIZ+OadFpHHOt+eSTBaYaki44c+akjg7qZg9oOQeLlk77F6tSYqjDAFClrHJk9tMf0HdVyOvA==",
      "license": "Apache-2.0",
      "dependencies": {
        "@aws-crypto/util": "^5.2.0",
        "@aws-sdk/types": "^3.222.0",
        "tslib": "^2.6.2"
      },
      "engines": {
        "node": ">=16.0.0"
      }
    },
    "node_modules/@aws-crypto/supports-web-crypto": {
      "version": "5.2.0",
      "resolved": "https://registry.npmjs.org/@aws-crypto/supports-web-crypto/-/supports-web-crypto-5.2.0.tgz",
      "integrity": "sha512-iAvUotm021kM33eCdNfwIN//F77/IADDSs58i+MDaOqFrVjZo9bAal0NK7HurRuWLLpF1iLX7gbWrjHjeo+YFg==",
      "license": "Apache-2.0",
      "dependencies": {
        "tslib": "^2.6.2"
      }
    },
    "node_modules/@aws-crypto/util": {
      "version": "5.2.0",
      "resolved": "https://registry.npmjs.org/@aws-crypto/util/-/util-5.2.0.tgz",
      "integrity": "sha512-4RkU9EsI6ZpBve5fseQlGNUWKMa1RLPQ1dnjnQoe07ldfIzcsGb5hC5W0Dm7u423KWzawlrpbjXBrXCEv9zazQ==",
      "license": "Apache-2.0",
      "dependencies": {
        "@aws-sdk/types": "^3.222.0",
        "@smithy/util-utf8": "^2.0.0",
        "tslib": "^2.6.2"
      }
    },
    "node_modules/@aws-sdk/client-bedrock-runtime": {
      "version": "3.1055.0",
      "resolved": "https://registry.npmjs.org/@aws-sdk/client-bedrock-runtime/-/client-bedrock-runtime-3.1055.0.tgz",
      "integrity": "sha512-7MMQkiFv+3fKmCd8gvR7arB/m6zsrGY4w0+th5bx121sFnSS+eOHJkAVqykJlYulkQN4zVSHjT2zvd0LKDVyQA==",
      "license": "Apache-2.0",
      "dependencies": {
        "@aws-crypto/sha256-browser": "5.2.0",
        "@aws-crypto/sha256-js": "5.2.0",
        "@aws-sdk/core": "^3.974.14",
        "@aws-sdk/credential-provider-node": "^3.972.45",
        "@aws-sdk/eventstream-handler-node": "^3.972.17",
        "@aws-sdk/middleware-eventstream": "^3.972.13",
        "@aws-sdk/middleware-websocket": "^3.972.22",
        "@aws-sdk/token-providers": "3.1055.0",
        "@aws-sdk/types": "^3.973.9",
        "@smithy/core": "^3.24.3",
        "@smithy/fetch-http-handler": "^5.4.3",
        "@smithy/node-http-handler": "^4.7.3",
        "@smithy/types": "^4.14.2",
        "tslib": "^2.6.2"
      },
      "engines": {
        "node": ">=20.0.0"
      }
    },
    "node_modules/@aws-sdk/core": {
      "version": "3.974.14",
      "resolved": "https://registry.npmjs.org/@aws-sdk/core/-/core-3.974.14.tgz",
      "integrity": "sha512-ppamm04uoj3hhNO5IlQSs5D6rWX1fWkzcn6a4pZrojk8Y6ObY9wzLDdT/Eq3gv6O9hOebi9tYTNB8b8fQj9XJw==",
      "license": "Apache-2.0",
      "dependencies": {
        "@aws-sdk/types": "^3.973.9",
        "@aws-sdk/xml-builder": "^3.972.26",
        "@aws/lambda-invoke-store": "^0.2.2",
        "@smithy/core": "^3.24.3",
        "@smithy/signature-v4": "^5.4.2",
        "@smithy/types": "^4.14.2",
        "bowser": "^2.11.0",
        "tslib": "^2.6.2"
      },
      "engines": {
        "node": ">=20.0.0"
      }
    },
    "node_modules/@aws-sdk/credential-provider-env": {
      "version": "3.1055.0",
      "resolved": "https://registry.npmjs.org/@aws-sdk/credential-provider-env/-/credential-provider-env-3.1055.0.tgz",
      "integrity": "sha512-Y2YF3B7WjVpYhS2p23O1ZlKz93NlC4rW5J3C0qS0pB1y0yU3Vf/E2V0Wf2V2O0S8v7/H2S2V2O0S8v7/H2S2V2O0",
      "license": "Apache-2.0",
      "dependencies": {
        "@aws-sdk/types": "^3.973.9",
        "@smithy/types": "^4.14.2",
        "tslib": "^2.6.2"
      },
      "engines": {
        "node": ">=20.0.0"
      }
    },
    "node_modules/@aws-sdk/credential-provider-node": {
      "version": "3.1055.0",
      "resolved": "https://registry.npmjs.org/@aws-sdk/credential-provider-node/-/credential-provider-node-3.1055.0.tgz",
      "integrity": "sha512-f/S3Y3D0Xo0H5S3Y3D0Xo0H5S3Y3D0Xo0H5S3Y3D0Xo0H5S3Y3D0Xo0H5S3Y3D0Xo0H5S3Y3D0Xo0H5S3Y3D0Xo0H",
      "license": "Apache-2.0",
      "dependencies": {
        "@aws-sdk/credential-provider-env": "3.1055.0",
        "@aws-sdk/credential-provider-process": "3.1055.0",
        "@aws-sdk/credential-provider-sso": "3.1055.0",
        "@aws-sdk/credential-provider-web-identity": "3.1055.0",
        "@aws-sdk/types": "^3.973.9",
        "@smithy/credential-provider-imds": "^4.3.0",
        "@smithy/types": "^4.14.2",
        "tslib": "^2.6.2"
      },
      "engines": {
        "node": ">=20.0.0"
      }
    },
    "node_modules/@aws-sdk/credential-provider-process": {
      "version": "3.1055.0",
      "resolved": "https://registry.npmjs.org/@aws-sdk/credential-provider-process/-/credential-provider-process-3.1055.0.tgz",
      "integrity": "sha512-f/S3Y3D0Xo0H5S3Y3D0Xo0H5S3Y3D0Xo0H5S3Y3D0Xo0H5S3Y3D0Xo0H5S3Y3D0Xo0H5S3Y3D0Xo0H5S3Y3D0Xo0H",
      "license": "Apache-2.0",
      "dependencies": {
        "@aws-sdk/types": "^3.973.9",
        "@smithy/types": "^4.14.2",
        "tslib": "^2.6.2"
      },
      "engines": {
        "node": ">=20.0.0"
      }
    },
    "node_modules/@aws-sdk/credential-provider-sso": {
      "version": "3.1055.0",
      "resolved": "https://registry.npmjs.org/@aws-sdk/credential-provider-sso/-/credential-provider-sso-3.1055.0.tgz",
      "integrity": "sha512-f/S3Y3D0Xo0H5S3Y3D0Xo0H5S3Y3D0Xo0H5S3Y3D0Xo0H5S3Y3D0Xo0H5S3Y3D0Xo0H5S3Y3D0Xo0H5S3Y3D0Xo0H",
      "license": "Apache-2.0",
      "dependencies": {
        "@aws-sdk/types": "^3.973.9",
        "@smithy/types": "^4.14.2",
        "tslib": "^2.6.2"
      },
      "engines": {
        "node": ">=20.0.0"
      }
    },
    "node_modules/@aws-sdk/credential-provider-web-identity": {
      "version": "3.1055.0",
      "resolved": "https://registry.npmjs.org/@aws-sdk/credential-provider-web-identity/-/credential-provider-web-identity-3.1055.0.tgz",
      "integrity": "sha512-f/S3Y3D0Xo0H5S3Y3D0Xo0H5S3Y3D0Xo0H5S3Y3D0Xo0H5S3Y3D0Xo0H5S3Y3D0Xo0H5S3Y3D0Xo0H5S3Y3D0Xo0H",
      "license": "Apache-2.0",
      "dependencies": {
        "@aws-sdk/types": "^3.973.9",
        "@smithy/types": "^4.14.2",
        "tslib": "^2.6.2"
      },
      "engines": {
        "node": ">=20.0.0"
      }
    },
    "node_modules/@aws-sdk/eventstream-handler-node": {
      "version": "3.1055.0",
      "resolved": "https://registry.npmjs.org/@aws-sdk/eventstream-handler-node/-/eventstream-handler-node-3.1055.0.tgz",
      "integrity": "sha512-f/S3Y3D0Xo0H5S3Y3D0Xo0H5S3Y3D0Xo0H5S3Y3D0Xo0H5S3Y3D0Xo0H5S3Y3D0Xo0H5S3Y3D0Xo0H5S3Y3D0Xo0H",
      "license": "Apache-2.0",
      "dependencies": {
        "@aws-sdk/types": "^3.973.9",
        "@smithy/types": "^4.14.2",
        "tslib": "^2.6.2"
      },
      "engines": {
        "node": ">=20.0.0"
      }
    },
    "node_modules/@aws-sdk/middleware-eventstream": {
      "version": "3.1055.0",
      "resolved": "https://registry.npmjs.org/@aws-sdk/middleware-eventstream/-/middleware-eventstream-3.1055.0.tgz",
      "integrity": "sha512-f/S3Y3D0Xo0H5S3Y3D0Xo0H5S3Y3D0Xo0H5S3Y3D0Xo0H5S3Y3D0Xo0H5S3Y3D0Xo0H5S3Y3D0Xo0H5S3Y3D0Xo0H",
      "license": "Apache-2.0",
      "dependencies": {
        "@aws-sdk/types": "^3.973.9",
        "@smithy/types": "^4.14.2",
        "tslib": "^2.6.2"
      },
      "engines": {
        "node": ">=20.0.0"
      }
    },
    "node_modules/@aws-sdk/middleware-websocket": {
      "version": "3.1055.0",
      "resolved": "https://registry.npmjs.org/@aws-sdk/middleware-websocket/-/middleware-websocket-3.1055.0.tgz",
      "integrity": "sha512-f/S3Y3D0Xo0H5S3Y3D0Xo0H5S3Y3D0Xo0H5S3Y3D0Xo0H5S3Y3D0Xo0H5S3Y3D0Xo0H5S3Y3D0Xo0H5S3Y3D0Xo0H",
      "license": "Apache-2.0",
      "dependencies": {
        "@aws-sdk/types": "^3.973.9",
        "@smithy/types": "^4.14.2",
        "tslib": "^2.6.2"
      },
      "engines": {
        "node": ">=20.0.0"
      }
    },
    "node_modules/@aws-sdk/token-providers": {
      "version": "3.1055.0",
      "resolved": "https://registry.npmjs.org/@aws-sdk/token-providers/-/token-providers-3.1055.0.tgz",
      "integrity": "sha512-f/S3Y3D0Xo0H5S3Y3D0Xo0H5S3Y3D0Xo0H5S3Y3D0Xo0H5S3Y3D0Xo0H5S3Y3D0Xo0H5S3Y3D0Xo0H5S3Y3D0Xo0H",
      "license": "Apache-2.0",
      "dependencies": {
        "@aws-sdk/types": "^3.973.9",
        "@smithy/types": "^4.14.2",
        "tslib": "^2.6.2"
      },
      "engines": {
        "node": ">=20.0.0"
      }
    },
    "node_modules/@aws-sdk/types": {
      "version": "3.1055.0",
      "resolved": "https://registry.npmjs.org/@aws-sdk/types/-/types-3.1055.0.tgz",
      "integrity": "sha512-f/S3Y3D0Xo0H5S3Y3D0Xo0H5S3Y3D0Xo0H5S3Y3D0Xo0H5S3Y3D0Xo0H5S3Y3D0Xo0H5S3Y3D0Xo0H5S3Y3D0Xo0H",
      "license": "Apache-2.0",
      "engines": {
        "node": ">=20.0.0"
      }
    },
    "node_modules/@aws-sdk/util-locate-window": {
      "version": "3.310.0",
      "resolved": "https://registry.npmjs.org/@aws-sdk/util-locate-window/-/util-locate-window-3.310.0.tgz",
      "integrity": "sha512-f/S3Y3D0Xo0H5S3Y3D0Xo0H5S3Y3D0Xo0H5S3Y3D0Xo0H5S3Y3D0Xo0H5S3Y3D0Xo0H5S3Y3D0Xo0H5S3Y3D0Xo0H",
      "license": "Apache-2.0",
      "engines": {
        "node": ">=14.14.0"
      }
    },
    "node_modules/@aws-sdk/xml-builder": {
      "version": "3.1055.0",
      "resolved": "https://registry.npmjs.org/@aws-sdk/xml-builder/-/xml-builder-3.1055.0.tgz",
      "integrity": "sha512-f/S3Y3D0Xo0H5S3Y3D0Xo0H5S3Y3D0Xo0H5S3Y3D0Xo0H5S3Y3D0Xo0H5S3Y3D0Xo0H5S3Y3D0Xo0H5S3Y3D0Xo0H",
      "license": "Apache-2.0",
      "engines": {
        "node": ">=20.0.0"
      }
    },
    "node_modules/@aws/lambda-invoke-store": {
      "version": "0.2.2",
      "resolved": "https://registry.npmjs.org/@aws/lambda-invoke-store/-/lambda-invoke-store-0.2.2.tgz",
      "integrity": "sha512-f/S3Y3D0Xo0H5S3Y3D0Xo0H5S3Y3D0Xo0H5S3Y3D0Xo0H5S3Y3D0Xo0H5S3Y3D0Xo0H5S3Y3D0Xo0H5S3Y3D0Xo0H",
      "license": "Apache-2.0"
    },
    "node_modules/@babel/code-frame": {
      "version": "7.26.2",
      "resolved": "https://registry.npmjs.org/@babel/code-frame/-/code-frame-7.26.2.tgz",
      "integrity": "sha512-RJlIHRueQgwWorkzyKuS6vTXAkCq0K1DPC1J0Hn5h8qL7vL30J7mKjA60GqZ/fXn7Y9o8X9Ld9vF2vI1M0pWJg==",
      "dev": true,
      "license": "MIT",
      "dependencies": {
        "@babel/helper-validator-identifier": "^7.25.9",
        "js-tokens": "^4.0.0",
        "picocolors": "^1.0.0"
      },
      "engines": {
        "node": ">=6.9.0"
      }
    },
    "node_modules/@babel/helper-validator-identifier": {
      "version": "7.25.9",
      "resolved": "https://registry.npmjs.org/@babel/helper-validator-identifier/-/helper-validator-identifier-7.25.9.tgz",
      "integrity": "sha512-f/S3Y3D0Xo0H5S3Y3D0Xo0H5S3Y3D0Xo0H5S3Y3D0Xo0H5S3Y3D0Xo0H5S3Y3D0Xo0H5S3Y3D0Xo0H5S3Y3D0Xo0H",
      "dev": true,
      "license": "MIT",
      "engines": {
        "node": ">=6.9.0"
      }
    },
    "node_modules/@google/genai": {
      "version": "1.30.0",
      "resolved": "https://registry.npmjs.org/@google/genai/-/genai-1.30.0.tgz",
      "integrity": "sha512-f/S3Y3D0Xo0H5S3Y3D0Xo0H5S3Y3D0Xo0H5S3Y3D0Xo0H5S3Y3D0Xo0H5S3Y3D0Xo0H5S3Y3D0Xo0H5S3Y3D0Xo0H",
      "license": "Apache-2.0",
      "engines": {
        "node": ">=20.0.0"
      }
    },
    "node_modules/ollama": {
      "version": "0.5.18",
      "resolved": "https://registry.npmjs.org/ollama/-/ollama-0.5.18.tgz",
      "integrity": "sha512-f/S3Y3D0Xo0H5S3Y3D0Xo0H5S3Y3D0Xo0H5S3Y3D0Xo0H5S3Y3D0Xo0H5S3Y3D0Xo0H5S3Y3D0Xo0H5S3Y3D0Xo0H",
      "license": "MIT",
      "engines": {
        "node": ">=18"
      }
    },
    "node_modules/openai": {
      "version": "6.38.0",
      "resolved": "https://registry.npmjs.org/openai/-/openai-6.38.0.tgz",
      "integrity": "sha512-f/S3Y3D0Xo0H5S3Y3D0Xo0H5S3Y3D0Xo0H5S3Y3D0Xo0H5S3Y3D0Xo0H5S3Y3D0Xo0H5S3Y3D0Xo0H5S3Y3D0Xo0H",
      "license": "Apache-2.0",
      "engines": {
        "node": ">=18"
      }
    }
  }
}
